
Microsoft Visual Studio Solution File, Format Version 12.00
# Visual Studio Version 17
VisualStudioVersion = 17.12.35707.178 d17.12
MinimumVisualStudioVersion = 10.0.40219.1
Project("{FAE04EC0-301F-11D3-BF4B-00C04F79EFBC}") = "SimpleDatabase", "SimpleDatabase\SimpleDatabase.csproj", "{AFF31DC9-A0DA-4534-B1D2-9FF6D90069B1}"
EndProject
Global
	GlobalSection(SolutionConfigurationPlatforms) = preSolution
		Debug|Any CPU = Debug|Any CPU
		Release|Any CPU = Release|Any CPU
	EndGlobalSection
	GlobalSection(ProjectConfigurationPlatforms) = postSolution
		{AFF31DC9-A0DA-4534-B1D2-9FF6D90069B1}.Debug|Any CPU.ActiveCfg = Debug|Any CPU
		{AFF31DC9-A0DA-4534-B1D2-9FF6D90069B1}.Debug|Any CPU.Build.0 = Debug|Any CPU
		{AFF31DC9-A0DA-4534-B1D2-9FF6D90069B1}.Release|Any CPU.ActiveCfg = Release|Any CPU
		{AFF31DC9-A0DA-4534-B1D2-9FF6D90069B1}.Release|Any CPU.Build.0 = Release|Any CPU
	EndGlobalSection
	GlobalSection(SolutionProperties) = preSolution
		HideSolutionNode = FALSE
	EndGlobalSection
EndGlobal
